
Microsoft Visual Studio Solution File, Format Version 12.00
# Visual Studio Version 17
VisualStudioVersion = 17.3.32922.545
MinimumVisualStudioVersion = 10.0.40219.1
Project("{FAE04EC0-301F-11D3-BF4B-00C04F79EFBC}") = "AzureWebApp", "AzureWebApp\AzureWebApp.csproj", "{F2145DE3-2A09-49E3-8657-93FC65ABA34B}"
EndProject
Global
	GlobalSection(SolutionConfigurationPlatforms) = preSolution
		Debug|Any CPU = Debug|Any CPU
		Release|Any CPU = Release|Any CPU
	EndGlobalSection
	GlobalSection(ProjectConfigurationPlatforms) = postSolution
		{F2145DE3-2A09-49E3-8657-93FC65ABA34B}.Debug|Any CPU.ActiveCfg = Debug|Any CPU
		{F2145DE3-2A09-49E3-8657-93FC65ABA34B}.Debug|Any CPU.Build.0 = Debug|Any CPU
		{F2145DE3-2A09-49E3-8657-93FC65ABA34B}.Release|Any CPU.ActiveCfg = Release|Any CPU
		{F2145DE3-2A09-49E3-8657-93FC65ABA34B}.Release|Any CPU.Build.0 = Release|Any CPU
	EndGlobalSection
	GlobalSection(SolutionProperties) = preSolution
		HideSolutionNode = FALSE
	EndGlobalSection
	GlobalSection(ExtensibilityGlobals) = postSolution
		SolutionGuid = {0B8397E4-DBF1-4ECE-BBF1-84570626AC01}
	EndGlobalSection
EndGlobal
